// !$*UTF8*$!
{
	archiveVersion = 1;
	classes = {
	};
	objectVersion = 50;
	objects = {

/* Begin PBXBuildFile section */
		CD235BD923E8B14E00B5C927 /* AppDelegate.m in Sources */ = {isa = PBXBuildFile; fileRef = CD235BD823E8B14E00B5C927 /* AppDelegate.m */; };
		CD235BDC23E8B14E00B5C927 /* SceneDelegate.m in Sources */ = {isa = PBXBuildFile; fileRef = CD235BDB23E8B14E00B5C927 /* SceneDelegate.m */; };
		CD235BDF23E8B14E00B5C927 /* ViewController.m in Sources */ = {isa = PBXBuildFile; fileRef = CD235BDE23E8B14E00B5C927 /* ViewController.m */; };
		CD235BE223E8B14E00B5C927 /* Main.storyboard in Resources */ = {isa = PBXBuildFile; fileRef = CD235BE023E8B14E00B5C927 /* Main.storyboard */; };
		CD235BE423E8B15100B5C927 /* Assets.xcassets in Resources */ = {isa = PBXBuildFile; fileRef = CD235BE323E8B15100B5C927 /* Assets.xcassets */; };
		CD235BE723E8B15100B5C927 /* LaunchScreen.storyboard in Resources */ = {isa = PBXBuildFile; fileRef = CD235BE523E8B15100B5C927 /* LaunchScreen.storyboard */; };
		CD235BEA23E8B15100B5C927 /* main.m in Sources */ = {isa = PBXBuildFile; fileRef = CD235BE923E8B15100B5C927 /* main.m */; };
/* End PBXBuildFile section */

/* Begin PBXFileReference section */
		CD235BD423E8B14E00B5C927 /* NutriGo.app */ = {isa = PBXFileReference; explicitFileType = wrapper.application; includeInIndex = 0; path = NutriGo.app; sourceTree = BUILT_PRODUCTS_DIR; };
		CD235BD723E8B14E00B5C927 /* AppDelegate.h */ = {isa = PBXFileReference; lastKnownFileType = sourcecode.c.h; path = AppDelegate.h; sourceTree = "<group>"; };
		CD235BD823E8B14E00B5C927 /* AppDelegate.m */ = {isa = PBXFileReference; lastKnownFileType = sourcecode.c.objc; path = AppDelegate.m; sourceTree = "<group>"; };
		CD235BDA23E8B14E00B5C927 /* SceneDelegate.h */ = {isa = PBXFileReference; lastKnownFileType = sourcecode.c.h; path = SceneDelegate.h; sourceTree = "<group>"; };
		CD235BDB23E8B14E00B5C927 /* SceneDelegate.m */ = {isa = PBXFileReference; lastKnownFileType = sourcecode.c.objc; path = SceneDelegate.m; sourceTree = "<group>"; };
		CD235BDD23E8B14E00B5C927 /* ViewController.h */ = {isa = PBXFileReference; lastKnownFileType = sourcecode.c.h; path = ViewController.h; sourceTree = "<group>"; };
		CD235BDE23E8B14E00B5C927 /* ViewController.m */ = {isa = PBXFileReference; lastKnownFileType = sourcecode.c.objc; path = ViewController.m; sourceTree = "<group>"; };
		CD235BE123E8B14E00B5C927 /* Base */ = {isa = PBXFileReference; lastKnownFileType = file.storyboard; name = Base; path = Base.lproj/Main.storyboard; sourceTree = "<group>"; };
		CD235BE323E8B15100B5C927 /* Assets.xcassets */ = {isa = PBXFileReference; lastKnownFileType = folder.assetcatalog; path = Assets.xcassets; sourceTree = "<group>"; };
		CD235BE623E8B15100B5C927 /* Base */ = {isa = PBXFileReference; lastKnownFileType = file.storyboard; name = Base; path = Base.lproj/LaunchScreen.storyboard; sourceTree = "<group>"; };
		CD235BE823E8B15100B5C927 /* Info.plist */ = {isa = PBXFileReference; lastKnownFileType = text.plist.xml; path = Info.plist; sourceTree = "<group>"; };
		CD235BE923E8B15100B5C927 /* main.m */ = {isa = PBXFileReference; lastKnownFileType = sourcecode.c.objc; path = main.m; sourceTree = "<group>"; };
/* End PBXFileReference section */

/* Begin PBXFrameworksBuildPhase section */
		CD235BD123E8B14E00B5C927 /* Frameworks */ = {
			isa = PBXFrameworksBuildPhase;
			buildActionMask = 2147483647;
			files = (
			);
			runOnlyForDeploymentPostprocessing = 0;
		};
/* End PBXFrameworksBuildPhase section */

/* Begin PBXGroup section */
		CD235BCB23E8B14E00B5C927 = {
			isa = PBXGroup;
			children = (
				CD235BD623E8B14E00B5C927 /* NutriGo */,
				CD235BD523E8B14E00B5C927 /* Products */,
			);
			sourceTree = "<group>";
		};
		CD235BD523E8B14E00B5C927 /* Products */ = {
			isa = PBXGroup;
			children = (
				CD235BD423E8B14E00B5C927 /* NutriGo.app */,
			);
			name = Products;
			sourceTree = "<group>";
		};
		CD235BD623E8B14E00B5C927 /* NutriGo */ = {
			isa = PBXGroup;
			children = (
				CD235BD723E8B14E00B5C927 /* AppDelegate.h */,
				CD235BD823E8B14E00B5C927 /* AppDelegate.m */,
				CD235BDA23E8B14E00B5C927 /* SceneDelegate.h */,
				CD235BDB23E8B14E00B5C927 /* SceneDelegate.m */,
				CD235BDD23E8B14E00B5C927 /* ViewController.h */,
				CD235BDE23E8B14E00B5C927 /* ViewController.m */,
				CD235BE023E8B14E00B5C927 /* Main.storyboard */,
				CD235BE323E8B15100B5C927 /* Assets.xcassets */,
				CD235BE523E8B15100B5C927 /* LaunchScreen.storyboard */,
				CD235BE823E8B15100B5C927 /* Info.plist */,
				CD235BE923E8B15100B5C927 /* main.m */,
			);
			path = NutriGo;
			sourceTree = "<group>";
		};
/* End PBXGroup section */

/* Begin PBXNativeTarget section */
		CD235BD323E8B14E00B5C927 /* NutriGo */ = {
			isa = PBXNativeTarget;
			buildConfigurationList = CD235BED23E8B15100B5C927 /* Build configuration list for PBXNativeTarget "NutriGo" */;
			buildPhases = (
				CD235BD023E8B14E00B5C927 /* Sources */,
				CD235BD123E8B14E00B5C927 /* Frameworks */,
				CD235BD223E8B14E00B5C927 /* Resources */,
			);
			buildRules = (
			);
			dependencies = (
			);
			name = NutriGo;
			productName = NutriGo;
			productReference = CD235BD423E8B14E00B5C927 /* NutriGo.app */;
			productType = "com.apple.product-type.application";
		};
/* End PBXNativeTarget section */

/* Begin PBXProject section */
		CD235BCC23E8B14E00B5C927 /* Project object */ = {
			isa = PBXProject;
			attributes = {
				LastUpgradeCheck = 1110;
				ORGANIZATIONNAME = oweek.communications.mcgilleus.ca;
				TargetAttributes = {
					CD235BD323E8B14E00B5C927 = {
						CreatedOnToolsVersion = 11.1;
					};
				};
			};
			buildConfigurationList = CD235BCF23E8B14E00B5C927 /* Build configuration list for PBXProject "NutriGo" */;
			compatibilityVersion = "Xcode 9.3";
			developmentRegion = en;
			hasScannedForEncodings = 0;
			knownRegions = (
				en,
				Base,
			);
			mainGroup = CD235BCB23E8B14E00B5C927;
			productRefGroup = CD235BD523E8B14E00B5C927 /* Products */;
			projectDirPath = "";
			projectRoot = "";
			targets = (
				CD235BD323E8B14E00B5C927 /* NutriGo */,
			);
		};
/* End PBXProject section */

/* Begin PBXResourcesBuildPhase section */
		CD235BD223E8B14E00B5C927 /* Resources */ = {
			isa = PBXResourcesBuildPhase;
			buildActionMask = 2147483647;
			files = (
				CD235BE723E8B15100B5C927 /* LaunchScreen.storyboard in Resources */,
				CD235BE423E8B15100B5C927 /* Assets.xcassets in Resources */,
				CD235BE223E8B14E00B5C927 /* Main.storyboard in Resources */,
			);
			runOnlyForDeploymentPostprocessing = 0;
		};
/* End PBXResourcesBuildPhase section */

/* Begin PBXSourcesBuildPhase section */
		CD235BD023E8B14E00B5C927 /* Sources */ = {
			isa = PBXSourcesBuildPhase;
			buildActionMask = 2147483647;
			files = (
				CD235BDF23E8B14E00B5C927 /* ViewController.m in Sources */,
				CD235BD923E8B14E00B5C927 /* AppDelegate.m in Sources */,
				CD235BEA23E8B15100B5C927 /* main.m in Sources */,
				CD235BDC23E8B14E00B5C927 /* SceneDelegate.m in Sources */,
			);
			runOnlyForDeploymentPostprocessing = 0;
		};
/* End PBXSourcesBuildPhase section */

/* Begin PBXVariantGroup section */
		CD235BE023E8B14E00B5C927 /* Main.storyboard */ = {
			isa = PBXVariantGroup;
			children = (
				CD235BE123E8B14E00B5C927 /* Base */,
			);
			name = Main.storyboard;
			sourceTree = "<group>";
		};
		CD235BE523E8B15100B5C927 /* LaunchScreen.storyboard */ = {
			isa = PBXVariantGroup;
			children = (
				CD235BE623E8B15100B5C927 /* Base */,
			);
			name = LaunchScreen.storyboard;
			sourceTree = "<group>";
		};
/* End PBXVariantGroup section */

/* Begin XCBuildConfiguration section */
		CD235BEB23E8B15100B5C927 /* Debug */ = {
			isa = XCBuildConfiguration;
			buildSettings = {
				ALWAYS_SEARCH_USER_PATHS = NO;
				CLANG_ANALYZER_NONNULL = YES;
				CLANG_ANALYZER_NUMBER_OBJECT_CONVERSION = YES_AGGRESSIVE;
				CLANG_CXX_LANGUAGE_STANDARD = "gnu++14";
				CLANG_CXX_LIBRARY = "libc++";
				CLANG_ENABLE_MODULES = YES;
				CLANG_ENABLE_OBJC_ARC = YES;
				CLANG_ENABLE_OBJC_WEAK = YES;
				CLANG_WARN_BLOCK_CAPTURE_AUTORELEASING = YES;
				CLANG_WARN_BOOL_CONVERSION = YES;
				CLANG_WARN_COMMA = YES;
				CLANG_WARN_CONSTANT_CONVERSION = YES;
				CLANG_WARN_DEPRECATED_OBJC_IMPLEMENTATIONS = YES;
				CLANG_WARN_DIRECT_OBJC_ISA_USAGE = YES_ERROR;
				CLANG_WARN_DOCUMENTATION_COMMENTS = YES;
				CLANG_WARN_EMPTY_BODY = YES;
				CLANG_WARN_ENUM_CONVERSION = YES;
				CLANG_WARN_INFINITE_RECURSION = YES;
				CLANG_WARN_INT_CONVERSION = YES;
				CLANG_WARN_NON_LITERAL_NULL_CONVERSION = YES;
				CLANG_WARN_OBJC_IMPLICIT_RETAIN_SELF = YES;
				CLANG_WARN_OBJC_LITERAL_CONVERSION = YES;
				CLANG_WARN_OBJC_ROOT_CLASS = YES_ERROR;
				CLANG_WARN_RANGE_LOOP_ANALYSIS = YES;
				CLANG_WARN_STRICT_PROTOTYPES = YES;
				CLANG_WARN_SUSPICIOUS_MOVE = YES;
				CLANG_WARN_UNGUARDED_AVAILABILITY = YES_AGGRESSIVE;
				CLANG_WARN_UNREACHABLE_CODE = YES;
				CLANG_WARN__DUPLICATE_METHOD_MATCH = YES;
				COPY_PHASE_STRIP = NO;
				DEBUG_INFORMATION_FORMAT = dwarf;
				ENABLE_STRICT_OBJC_MSGSEND = YES;
				ENABLE_TESTABILITY = YES;
				GCC_C_LANGUAGE_STANDARD = gnu11;
				GCC_DYNAMIC_NO_PIC = NO;
				GCC_NO_COMMON_BLOCKS = YES;
				GCC_OPTIMIZATION_LEVEL = 0;
				GCC_PREPROCESSOR_DEFINITIONS = (
					"DEBUG=1",
					"$(inherited)",
				);
				GCC_WARN_64_TO_32_BIT_CONVERSION = YES;
				GCC_WARN_ABOUT_RETURN_TYPE = YES_ERROR;
				GCC_WARN_UNDECLARED_SELECTOR = YES;
				GCC_WARN_UNINITIALIZED_AUTOS = YES_AGGRESSIVE;
				GCC_WARN_UNUSED_FUNCTION = YES;
				GCC_WARN_UNUSED_VARIABLE = YES;
				IPHONEOS_DEPLOYMENT_TARGET = 13.1;
				MTL_ENABLE_DEBUG_INFO = INCLUDE_SOURCE;
				MTL_FAST_MATH = YES;
				ONLY_ACTIVE_ARCH = YES;
				SDKROOT = iphoneos;
			};
			name = Debug;
		};
		CD235BEC23E8B15100B5C927 /* Release */ = {
			isa = XCBuildConfiguration;
			buildSettings = {
				ALWAYS_SEARCH_USER_PATHS = NO;
				CLANG_ANALYZER_NONNULL = YES;
				CLANG_ANALYZER_NUMBER_OBJECT_CONVERSION = YES_AGGRESSIVE;
				CLANG_CXX_LANGUAGE_STANDARD = "gnu++14";
				CLANG_CXX_LIBRARY = "libc++";
				CLANG_ENABLE_MODULES = YES;
				CLANG_ENABLE_OBJC_ARC = YES;
				CLANG_ENABLE_OBJC_WEAK = YES;
				CLANG_WARN_BLOCK_CAPTURE_AUTORELEASING = YES;
				CLANG_WARN_BOOL_CONVERSION = YES;
				CLANG_WARN_COMMA = YES;
				CLANG_WARN_CONSTANT_CONVERSION = YES;
				CLANG_WARN_DEPRECATED_OBJC_IMPLEMENTATIONS = YES;
				CLANG_WARN_DIRECT_OBJC_ISA_USAGE = YES_ERROR;
				CLANG_WARN_DOCUMENTATION_COMMENTS = YES;
				CLANG_WARN_EMPTY_BODY = YES;
				CLANG_WARN_ENUM_CONVERSION = YES;
				CLANG_WARN_INFINITE_RECURSION = YES;
				CLANG_WARN_INT_CONVERSION = YES;
				CLANG_WARN_NON_LITERAL_NULL_CONVERSION = YES;
				CLANG_WARN_OBJC_IMPLICIT_RETAIN_SELF = YES;
				CLANG_WARN_OBJC_LITERAL_CONVERSION = YES;
				CLANG_WARN_OBJC_ROOT_CLASS = YES_ERROR;
				CLANG_WARN_RANGE_LOOP_ANALYSIS = YES;
				CLANG_WARN_STRICT_PROTOTYPES = YES;
				CLANG_WARN_SUSPICIOUS_MOVE = YES;
				CLANG_WARN_UNGUARDED_AVAILABILITY = YES_AGGRESSIVE;
				CLANG_WARN_UNREACHABLE_CODE = YES;
				CLANG_WARN__DUPLICATE_METHOD_MATCH = YES;
				COPY_PHASE_STRIP = NO;
				DEBUG_INFORMATION_FORMAT = "dwarf-with-dsym";
				ENABLE_NS_ASSERTIONS = NO;
				ENABLE_STRICT_OBJC_MSGSEND = YES;
				GCC_C_LANGUAGE_STANDARD = gnu11;
				GCC_NO_COMMON_BLOCKS = YES;
				GCC_WARN_64_TO_32_BIT_CONVERSION = YES;
				GCC_WARN_ABOUT_RETURN_TYPE = YES_ERROR;
				GCC_WARN_UNDECLARED_SELECTOR = YES;
				GCC_WARN_UNINITIALIZED_AUTOS = YES_AGGRESSIVE;
				GCC_WARN_UNUSED_FUNCTION = YES;
				GCC_WARN_UNUSED_VARIABLE = YES;
				IPHONEOS_DEPLOYMENT_TARGET = 13.1;
				MTL_ENABLE_DEBUG_INFO = NO;
				MTL_FAST_MATH = YES;
				SDKROOT = iphoneos;
				VALIDATE_PRODUCT = YES;
			};
			name = Release;
		};
		CD235BEE23E8B15100B5C927 /* Debug */ = {
			isa = XCBuildConfiguration;
			buildSettings = {
				ASSETCATALOG_COMPILER_APPICON_NAME = AppIcon;
				CODE_SIGN_STYLE = Automatic;
				DEVELOPMENT_TEAM = LF96KD3PC2;
				INFOPLIST_FILE = NutriGo/Info.plist;
				LD_RUNPATH_SEARCH_PATHS = (
					"$(inherited)",
					"@executable_path/Frameworks",
				);
				PRODUCT_BUNDLE_IDENTIFIER = oweek.communications.mcgilleus.ca.NutriGo;
				PRODUCT_NAME = "$(TARGET_NAME)";
				TARGETED_DEVICE_FAMILY = "1,2";
			};
			name = Debug;
		};
		CD235BEF23E8B15100B5C927 /* Release */ = {
			isa = XCBuildConfiguration;
			buildSettings = {
				ASSETCATALOG_COMPILER_APPICON_NAME = AppIcon;
				CODE_SIGN_STYLE = Automatic;
				DEVELOPMENT_TEAM = LF96KD3PC2;
				INFOPLIST_FILE = NutriGo/Info.plist;
				LD_RUNPATH_SEARCH_PATHS = (
					"$(inherited)",
					"@executable_path/Frameworks",
				);
				PRODUCT_BUNDLE_IDENTIFIER = oweek.communications.mcgilleus.ca.NutriGo;
				PRODUCT_NAME = "$(TARGET_NAME)";
				TARGETED_DEVICE_FAMILY = "1,2";
			};
			name = Release;
		};
/* End XCBuildConfiguration section */

/* Begin XCConfigurationList section */
		CD235BCF23E8B14E00B5C927 /* Build configuration list for PBXProject "NutriGo" */ = {
			isa = XCConfigurationList;
			buildConfigurations = (
				CD235BEB23E8B15100B5C927 /* Debug */,
				CD235BEC23E8B15100B5C927 /* Release */,
			);
			defaultConfigurationIsVisible = 0;
			defaultConfigurationName = Release;
		};
		CD235BED23E8B15100B5C927 /* Build configuration list for PBXNativeTarget "NutriGo" */ = {
			isa = XCConfigurationList;
			buildConfigurations = (
				CD235BEE23E8B15100B5C927 /* Debug */,
				CD235BEF23E8B15100B5C927 /* Release */,
			);
			defaultConfigurationIsVisible = 0;
			defaultConfigurationName = Release;
		};
/* End XCConfigurationList section */
	};
	rootObject = CD235BCC23E8B14E00B5C927 /* Project object */;
}
